
Microsoft Visual Studio Solution File, Format Version 12.00
# Visual Studio 15
VisualStudioVersion = 15.0.26730.15
MinimumVisualStudioVersion = 10.0.40219.1
Project("{FAE04EC0-301F-11D3-BF4B-00C04F79EFBC}") = "COMP4976TextFilesLab", "COMP4976TextFilesLab\COMP4976TextFilesLab.csproj", "{8A2B20FF-2A17-47A8-8A9B-BB6E8B40847D}"
EndProject
Project("{FAE04EC0-301F-11D3-BF4B-00C04F79EFBC}") = "COMP4976TextFilesLab.Tests", "COMP4976TextFilesLab.Tests\COMP4976TextFilesLab.Tests.csproj", "{652F1440-CFBA-4ADE-BEB5-79920C7E7285}"
EndProject
Global
	GlobalSection(SolutionConfigurationPlatforms) = preSolution
		Debug|Any CPU = Debug|Any CPU
		Release|Any CPU = Release|Any CPU
	EndGlobalSection
	GlobalSection(ProjectConfigurationPlatforms) = postSolution
		{8A2B20FF-2A17-47A8-8A9B-BB6E8B40847D}.Debug|Any CPU.ActiveCfg = Debug|Any CPU
		{8A2B20FF-2A17-47A8-8A9B-BB6E8B40847D}.Debug|Any CPU.Build.0 = Debug|Any CPU
		{8A2B20FF-2A17-47A8-8A9B-BB6E8B40847D}.Release|Any CPU.ActiveCfg = Release|Any CPU
		{8A2B20FF-2A17-47A8-8A9B-BB6E8B40847D}.Release|Any CPU.Build.0 = Release|Any CPU
		{652F1440-CFBA-4ADE-BEB5-79920C7E7285}.Debug|Any CPU.ActiveCfg = Debug|Any CPU
		{652F1440-CFBA-4ADE-BEB5-79920C7E7285}.Debug|Any CPU.Build.0 = Debug|Any CPU
		{652F1440-CFBA-4ADE-BEB5-79920C7E7285}.Release|Any CPU.ActiveCfg = Release|Any CPU
		{652F1440-CFBA-4ADE-BEB5-79920C7E7285}.Release|Any CPU.Build.0 = Release|Any CPU
	EndGlobalSection
	GlobalSection(SolutionProperties) = preSolution
		HideSolutionNode = FALSE
	EndGlobalSection
	GlobalSection(ExtensibilityGlobals) = postSolution
		SolutionGuid = {6C286AA8-DAF6-4EF1-968E-EB14CCB3FE59}
	EndGlobalSection
EndGlobal
